
Microsoft Visual Studio Solution File, Format Version 12.00
# Visual Studio Version 17
VisualStudioVersion = 17.9.34701.34
MinimumVisualStudioVersion = 10.0.40219.1
Project("{FAE04EC0-301F-11D3-BF4B-00C04F79EFBC}") = "ChatApp", "ChatApp\ChatApp.csproj", "{ADDCF971-E895-4D5D-A376-566923A5D8B6}"
EndProject
Global
	GlobalSection(SolutionConfigurationPlatforms) = preSolution
		Debug|Any CPU = Debug|Any CPU
		Release|Any CPU = Release|Any CPU
	EndGlobalSection
	GlobalSection(ProjectConfigurationPlatforms) = postSolution
		{ADDCF971-E895-4D5D-A376-566923A5D8B6}.Debug|Any CPU.ActiveCfg = Debug|Any CPU
		{ADDCF971-E895-4D5D-A376-566923A5D8B6}.Debug|Any CPU.Build.0 = Debug|Any CPU
		{ADDCF971-E895-4D5D-A376-566923A5D8B6}.Release|Any CPU.ActiveCfg = Release|Any CPU
		{ADDCF971-E895-4D5D-A376-566923A5D8B6}.Release|Any CPU.Build.0 = Release|Any CPU
	EndGlobalSection
	GlobalSection(SolutionProperties) = preSolution
		HideSolutionNode = FALSE
	EndGlobalSection
	GlobalSection(ExtensibilityGlobals) = postSolution
		SolutionGuid = {6D349CEB-06E6-4A7B-8913-4B0A297B8F9A}
	EndGlobalSection
EndGlobal
