
Microsoft Visual Studio Solution File, Format Version 12.00
# Visual Studio Version 17
VisualStudioVersion = 17.8.34316.72
MinimumVisualStudioVersion = 10.0.40219.1
Project("{FAE04EC0-301F-11D3-BF4B-00C04F79EFBC}") = "RolesApp", "RolesApp\RolesApp.csproj", "{5C37AA69-5720-41A4-BB51-5AD20542ED1D}"
EndProject
Global
	GlobalSection(SolutionConfigurationPlatforms) = preSolution
		Debug|Any CPU = Debug|Any CPU
		Release|Any CPU = Release|Any CPU
	EndGlobalSection
	GlobalSection(ProjectConfigurationPlatforms) = postSolution
		{5C37AA69-5720-41A4-BB51-5AD20542ED1D}.Debug|Any CPU.ActiveCfg = Debug|Any CPU
		{5C37AA69-5720-41A4-BB51-5AD20542ED1D}.Debug|Any CPU.Build.0 = Debug|Any CPU
		{5C37AA69-5720-41A4-BB51-5AD20542ED1D}.Release|Any CPU.ActiveCfg = Release|Any CPU
		{5C37AA69-5720-41A4-BB51-5AD20542ED1D}.Release|Any CPU.Build.0 = Release|Any CPU
	EndGlobalSection
	GlobalSection(SolutionProperties) = preSolution
		HideSolutionNode = FALSE
	EndGlobalSection
	GlobalSection(ExtensibilityGlobals) = postSolution
		SolutionGuid = {1127CEC8-18A7-47BC-B012-3B267BC74B0C}
	EndGlobalSection
EndGlobal
