
Microsoft Visual Studio Solution File, Format Version 12.00
# Visual Studio Version 17
VisualStudioVersion = 17.7.34202.233
MinimumVisualStudioVersion = 10.0.40219.1
Project("{FAE04EC0-301F-11D3-BF4B-00C04F79EFBC}") = "FirstWebApp", "FirstWebApp\FirstWebApp.csproj", "{736471CE-E958-4176-8DC2-408BC0231A2C}"
EndProject
Global
	GlobalSection(SolutionConfigurationPlatforms) = preSolution
		Debug|Any CPU = Debug|Any CPU
		Release|Any CPU = Release|Any CPU
	EndGlobalSection
	GlobalSection(ProjectConfigurationPlatforms) = postSolution
		{736471CE-E958-4176-8DC2-408BC0231A2C}.Debug|Any CPU.ActiveCfg = Debug|Any CPU
		{736471CE-E958-4176-8DC2-408BC0231A2C}.Debug|Any CPU.Build.0 = Debug|Any CPU
		{736471CE-E958-4176-8DC2-408BC0231A2C}.Release|Any CPU.ActiveCfg = Release|Any CPU
		{736471CE-E958-4176-8DC2-408BC0231A2C}.Release|Any CPU.Build.0 = Release|Any CPU
	EndGlobalSection
	GlobalSection(SolutionProperties) = preSolution
		HideSolutionNode = FALSE
	EndGlobalSection
	GlobalSection(ExtensibilityGlobals) = postSolution
		SolutionGuid = {33E75A92-7CA2-48F9-88E6-EBFBD0A09F9B}
	EndGlobalSection
EndGlobal
